<?xml version="1.0" encoding="UTF-8" standalone="yes" ?>
<CodeBlocks_project_file>
	<FileVersion major="1" minor="6" />
	<Project>
		<Option title="TP1.T2.V2" />
		<Option pch_mode="2" />
		<Option compiler="gcc" />
		<Build>
			<Target title="Debug">
				<Option output="bin/Debug/TP1" prefix_auto="1" extension_auto="1" />
				<Option object_output="obj/Debug/" />
				<Option type="1" />
				<Option compiler="gcc" />
				<Compiler>
					<Add option="-g" />
					<Add directory="Headers" />
				</Compiler>
				<Linker>
					<Add directory="Sources" />
				</Linker>
			</Target>
			<Target title="Release">
				<Option output="bin/Release/TP1" prefix_auto="1" extension_auto="1" />
				<Option object_output="obj/Release/" />
				<Option type="1" />
				<Option compiler="gcc" />
				<Compiler>
					<Add option="-O2" />
				</Compiler>
				<Linker>
					<Add option="-s" />
				</Linker>
			</Target>
		</Build>
		<Compiler>
			<Add option="-Wall" />
			<Add option="-fexceptions" />
		</Compiler>
		<Linker>
			<Add option="-static-libstdc++" />
			<Add option="-static-libgcc" />
			<Add option="-static" />
		</Linker>
		<Unit filename="Headers/ModuloApresentacao.hpp" />
		<Unit filename="Headers/cntrApresentacaoAutenticacao.hpp" />
		<Unit filename="Headers/cntrApresentacaoConta.hpp" />
		<Unit filename="Headers/cntrApresentacaoViagem.hpp" />
		<Unit filename="Headers/cntrServicoAutenticacao.hpp" />
		<Unit filename="Headers/cntrServicoConta.hpp" />
		<Unit filename="Headers/cntrServicoViagem.hpp" />
		<Unit filename="Headers/containerContas.hpp" />
		<Unit filename="Headers/dominios.hpp" />
		<Unit filename="Headers/entidades.hpp" />
		<Unit filename="Headers/interfaceApresentacaoAutenticacao.hpp" />
		<Unit filename="Headers/interfaceApresentacaoConta.hpp" />
		<Unit filename="Headers/interfaceApresentacaoViagem.hpp" />
		<Unit filename="Headers/interfaceServicoAutenticacao.hpp" />
		<Unit filename="Headers/interfaceServicoConta.hpp" />
		<Unit filename="Headers/interfaceServicoViagem.hpp" />
		<Unit filename="Headers/testes.hpp" />
		<Unit filename="Sources/ModuloApresentacao.cpp" />
		<Unit filename="Sources/cntrApresentacaoAutenticacao.cpp" />
		<Unit filename="Sources/cntrApresentacaoConta.cpp" />
		<Unit filename="Sources/cntrApresentacaoViagem.cpp" />
		<Unit filename="Sources/cntrServicoAutenticacao.cpp" />
		<Unit filename="Sources/cntrServicoConta.cpp" />
		<Unit filename="Sources/cntrServicoViagem.cpp" />
		<Unit filename="Sources/containerContas.cpp" />
		<Unit filename="Sources/dominios.cpp" />
		<Unit filename="Sources/entidades.cpp" />
		<Unit filename="Sources/main.cpp" />
		<Unit filename="Sources/testes.cpp" />
		<Extensions>
			<lib_finder disable_auto="1" />
		</Extensions>
	</Project>
</CodeBlocks_project_file>
